
Microsoft Visual Studio Solution File, Format Version 12.00
# Visual Studio Version 16
VisualStudioVersion = 16.0.28705.295
MinimumVisualStudioVersion = 10.0.40219.1
Project("{FAE04EC0-301F-11D3-BF4B-00C04F79EFBC}") = "test_repo_2020", "test_repo_2020\test_repo_2020.csproj", "{FD09F220-2755-4495-9986-E4B7A9415567}"
EndProject
Global
	GlobalSection(SolutionConfigurationPlatforms) = preSolution
		Debug|Any CPU = Debug|Any CPU
		Release|Any CPU = Release|Any CPU
	EndGlobalSection
	GlobalSection(ProjectConfigurationPlatforms) = postSolution
		{FD09F220-2755-4495-9986-E4B7A9415567}.Debug|Any CPU.ActiveCfg = Debug|Any CPU
		{FD09F220-2755-4495-9986-E4B7A9415567}.Debug|Any CPU.Build.0 = Debug|Any CPU
		{FD09F220-2755-4495-9986-E4B7A9415567}.Release|Any CPU.ActiveCfg = Release|Any CPU
		{FD09F220-2755-4495-9986-E4B7A9415567}.Release|Any CPU.Build.0 = Release|Any CPU
	EndGlobalSection
	GlobalSection(SolutionProperties) = preSolution
		HideSolutionNode = FALSE
	EndGlobalSection
	GlobalSection(ExtensibilityGlobals) = postSolution
		SolutionGuid = {26195E8F-EC1F-4998-95D6-3170352E50DC}
	EndGlobalSection
EndGlobal
